// !$*UTF8*$!
{
	archiveVersion = 1;
	classes = {
	};
	objectVersion = 50;
	objects = {

/* Begin PBXBuildFile section */
		4B5B2F0E21A80E1400C3D9D8 /* AppDelegate.m in Sources */ = {isa = PBXBuildFile; fileRef = 4B5B2F0D21A80E1400C3D9D8 /* AppDelegate.m */; };
		4B5B2F1121A80E1400C3D9D8 /* ViewController.m in Sources */ = {isa = PBXBuildFile; fileRef = 4B5B2F1021A80E1400C3D9D8 /* ViewController.m */; };
		4B5B2F1421A80E1400C3D9D8 /* Main.storyboard in Resources */ = {isa = PBXBuildFile; fileRef = 4B5B2F1221A80E1400C3D9D8 /* Main.storyboard */; };
		4B5B2F1621A80E1800C3D9D8 /* Assets.xcassets in Resources */ = {isa = PBXBuildFile; fileRef = 4B5B2F1521A80E1800C3D9D8 /* Assets.xcassets */; };
		4B5B2F1921A80E1800C3D9D8 /* LaunchScreen.storyboard in Resources */ = {isa = PBXBuildFile; fileRef = 4B5B2F1721A80E1800C3D9D8 /* LaunchScreen.storyboard */; };
		4B5B2F1C21A80E1800C3D9D8 /* main.m in Sources */ = {isa = PBXBuildFile; fileRef = 4B5B2F1B21A80E1800C3D9D8 /* main.m */; };
		4B5B2F2621A80E1800C3D9D8 /* LYFTableViewListTests.m in Sources */ = {isa = PBXBuildFile; fileRef = 4B5B2F2521A80E1800C3D9D8 /* LYFTableViewListTests.m */; };
		4B5B2F3121A80E1800C3D9D8 /* LYFTableViewListUITests.m in Sources */ = {isa = PBXBuildFile; fileRef = 4B5B2F3021A80E1800C3D9D8 /* LYFTableViewListUITests.m */; };
		4B5B2F4021A80E3A00C3D9D8 /* LYFTableView.m in Sources */ = {isa = PBXBuildFile; fileRef = 4B5B2F3F21A80E3A00C3D9D8 /* LYFTableView.m */; };
		4B5B2F4321A8127500C3D9D8 /* LYFCollectionView.m in Sources */ = {isa = PBXBuildFile; fileRef = 4B5B2F4221A8127500C3D9D8 /* LYFCollectionView.m */; };
		4B5B2F4621A817D300C3D9D8 /* LYFViewController.m in Sources */ = {isa = PBXBuildFile; fileRef = 4B5B2F4521A817D300C3D9D8 /* LYFViewController.m */; };
		4B5B2F4921A829E000C3D9D8 /* LYFTableViewHeaderView.m in Sources */ = {isa = PBXBuildFile; fileRef = 4B5B2F4821A829DF00C3D9D8 /* LYFTableViewHeaderView.m */; };
/* End PBXBuildFile section */

/* Begin PBXContainerItemProxy section */
		4B5B2F2221A80E1800C3D9D8 /* PBXContainerItemProxy */ = {
			isa = PBXContainerItemProxy;
			containerPortal = 4B5B2F0121A80E1400C3D9D8 /* Project object */;
			proxyType = 1;
			remoteGlobalIDString = 4B5B2F0821A80E1400C3D9D8;
			remoteInfo = LYFTableViewList;
		};
		4B5B2F2D21A80E1800C3D9D8 /* PBXContainerItemProxy */ = {
			isa = PBXContainerItemProxy;
			containerPortal = 4B5B2F0121A80E1400C3D9D8 /* Project object */;
			proxyType = 1;
			remoteGlobalIDString = 4B5B2F0821A80E1400C3D9D8;
			remoteInfo = LYFTableViewList;
		};
/* End PBXContainerItemProxy section */

/* Begin PBXFileReference section */
		4B5B2F0921A80E1400C3D9D8 /* LYFTableViewList.app */ = {isa = PBXFileReference; explicitFileType = wrapper.application; includeInIndex = 0; path = LYFTableViewList.app; sourceTree = BUILT_PRODUCTS_DIR; };
		4B5B2F0C21A80E1400C3D9D8 /* AppDelegate.h */ = {isa = PBXFileReference; lastKnownFileType = sourcecode.c.h; path = AppDelegate.h; sourceTree = "<group>"; };
		4B5B2F0D21A80E1400C3D9D8 /* AppDelegate.m */ = {isa = PBXFileReference; lastKnownFileType = sourcecode.c.objc; path = AppDelegate.m; sourceTree = "<group>"; };
		4B5B2F0F21A80E1400C3D9D8 /* ViewController.h */ = {isa = PBXFileReference; lastKnownFileType = sourcecode.c.h; path = ViewController.h; sourceTree = "<group>"; };
		4B5B2F1021A80E1400C3D9D8 /* ViewController.m */ = {isa = PBXFileReference; lastKnownFileType = sourcecode.c.objc; path = ViewController.m; sourceTree = "<group>"; };
		4B5B2F1321A80E1400C3D9D8 /* Base */ = {isa = PBXFileReference; lastKnownFileType = file.storyboard; name = Base; path = Base.lproj/Main.storyboard; sourceTree = "<group>"; };
		4B5B2F1521A80E1800C3D9D8 /* Assets.xcassets */ = {isa = PBXFileReference; lastKnownFileType = folder.assetcatalog; path = Assets.xcassets; sourceTree = "<group>"; };
		4B5B2F1821A80E1800C3D9D8 /* Base */ = {isa = PBXFileReference; lastKnownFileType = file.storyboard; name = Base; path = Base.lproj/LaunchScreen.storyboard; sourceTree = "<group>"; };
		4B5B2F1A21A80E1800C3D9D8 /* Info.plist */ = {isa = PBXFileReference; lastKnownFileType = text.plist.xml; path = Info.plist; sourceTree = "<group>"; };
		4B5B2F1B21A80E1800C3D9D8 /* main.m */ = {isa = PBXFileReference; lastKnownFileType = sourcecode.c.objc; path = main.m; sourceTree = "<group>"; };
		4B5B2F2121A80E1800C3D9D8 /* LYFTableViewListTests.xctest */ = {isa = PBXFileReference; explicitFileType = wrapper.cfbundle; includeInIndex = 0; path = LYFTableViewListTests.xctest; sourceTree = BUILT_PRODUCTS_DIR; };
		4B5B2F2521A80E1800C3D9D8 /* LYFTableViewListTests.m */ = {isa = PBXFileReference; lastKnownFileType = sourcecode.c.objc; path = LYFTableViewListTests.m; sourceTree = "<group>"; };
		4B5B2F2721A80E1800C3D9D8 /* Info.plist */ = {isa = PBXFileReference; lastKnownFileType = text.plist.xml; path = Info.plist; sourceTree = "<group>"; };
		4B5B2F2C21A80E1800C3D9D8 /* LYFTableViewListUITests.xctest */ = {isa = PBXFileReference; explicitFileType = wrapper.cfbundle; includeInIndex = 0; path = LYFTableViewListUITests.xctest; sourceTree = BUILT_PRODUCTS_DIR; };
		4B5B2F3021A80E1800C3D9D8 /* LYFTableViewListUITests.m */ = {isa = PBXFileReference; lastKnownFileType = sourcecode.c.objc; path = LYFTableViewListUITests.m; sourceTree = "<group>"; };
		4B5B2F3221A80E1800C3D9D8 /* Info.plist */ = {isa = PBXFileReference; lastKnownFileType = text.plist.xml; path = Info.plist; sourceTree = "<group>"; };
		4B5B2F3E21A80E3A00C3D9D8 /* LYFTableView.h */ = {isa = PBXFileReference; lastKnownFileType = sourcecode.c.h; path = LYFTableView.h; sourceTree = "<group>"; };
		4B5B2F3F21A80E3A00C3D9D8 /* LYFTableView.m */ = {isa = PBXFileReference; lastKnownFileType = sourcecode.c.objc; path = LYFTableView.m; sourceTree = "<group>"; };
		4B5B2F4121A8127500C3D9D8 /* LYFCollectionView.h */ = {isa = PBXFileReference; lastKnownFileType = sourcecode.c.h; path = LYFCollectionView.h; sourceTree = "<group>"; };
		4B5B2F4221A8127500C3D9D8 /* LYFCollectionView.m */ = {isa = PBXFileReference; lastKnownFileType = sourcecode.c.objc; path = LYFCollectionView.m; sourceTree = "<group>"; };
		4B5B2F4421A817D300C3D9D8 /* LYFViewController.h */ = {isa = PBXFileReference; lastKnownFileType = sourcecode.c.h; path = LYFViewController.h; sourceTree = "<group>"; };
		4B5B2F4521A817D300C3D9D8 /* LYFViewController.m */ = {isa = PBXFileReference; lastKnownFileType = sourcecode.c.objc; path = LYFViewController.m; sourceTree = "<group>"; };
		4B5B2F4721A829DF00C3D9D8 /* LYFTableViewHeaderView.h */ = {isa = PBXFileReference; lastKnownFileType = sourcecode.c.h; path = LYFTableViewHeaderView.h; sourceTree = "<group>"; };
		4B5B2F4821A829DF00C3D9D8 /* LYFTableViewHeaderView.m */ = {isa = PBXFileReference; lastKnownFileType = sourcecode.c.objc; path = LYFTableViewHeaderView.m; sourceTree = "<group>"; };
/* End PBXFileReference section */

/* Begin PBXFrameworksBuildPhase section */
		4B5B2F0621A80E1400C3D9D8 /* Frameworks */ = {
			isa = PBXFrameworksBuildPhase;
			buildActionMask = 2147483647;
			files = (
			);
			runOnlyForDeploymentPostprocessing = 0;
		};
		4B5B2F1E21A80E1800C3D9D8 /* Frameworks */ = {
			isa = PBXFrameworksBuildPhase;
			buildActionMask = 2147483647;
			files = (
			);
			runOnlyForDeploymentPostprocessing = 0;
		};
		4B5B2F2921A80E1800C3D9D8 /* Frameworks */ = {
			isa = PBXFrameworksBuildPhase;
			buildActionMask = 2147483647;
			files = (
			);
			runOnlyForDeploymentPostprocessing = 0;
		};
/* End PBXFrameworksBuildPhase section */

/* Begin PBXGroup section */
		4B5B2F0021A80E1400C3D9D8 = {
			isa = PBXGroup;
			children = (
				4B5B2F0B21A80E1400C3D9D8 /* LYFTableViewList */,
				4B5B2F2421A80E1800C3D9D8 /* LYFTableViewListTests */,
				4B5B2F2F21A80E1800C3D9D8 /* LYFTableViewListUITests */,
				4B5B2F0A21A80E1400C3D9D8 /* Products */,
			);
			sourceTree = "<group>";
		};
		4B5B2F0A21A80E1400C3D9D8 /* Products */ = {
			isa = PBXGroup;
			children = (
				4B5B2F0921A80E1400C3D9D8 /* LYFTableViewList.app */,
				4B5B2F2121A80E1800C3D9D8 /* LYFTableViewListTests.xctest */,
				4B5B2F2C21A80E1800C3D9D8 /* LYFTableViewListUITests.xctest */,
			);
			name = Products;
			sourceTree = "<group>";
		};
		4B5B2F0B21A80E1400C3D9D8 /* LYFTableViewList */ = {
			isa = PBXGroup;
			children = (
				4B5B2F0C21A80E1400C3D9D8 /* AppDelegate.h */,
				4B5B2F0D21A80E1400C3D9D8 /* AppDelegate.m */,
				4B5B2F0F21A80E1400C3D9D8 /* ViewController.h */,
				4B5B2F1021A80E1400C3D9D8 /* ViewController.m */,
				4B5B2F3E21A80E3A00C3D9D8 /* LYFTableView.h */,
				4B5B2F3F21A80E3A00C3D9D8 /* LYFTableView.m */,
				4B5B2F4721A829DF00C3D9D8 /* LYFTableViewHeaderView.h */,
				4B5B2F4821A829DF00C3D9D8 /* LYFTableViewHeaderView.m */,
				4B5B2F4121A8127500C3D9D8 /* LYFCollectionView.h */,
				4B5B2F4221A8127500C3D9D8 /* LYFCollectionView.m */,
				4B5B2F4421A817D300C3D9D8 /* LYFViewController.h */,
				4B5B2F4521A817D300C3D9D8 /* LYFViewController.m */,
				4B5B2F1221A80E1400C3D9D8 /* Main.storyboard */,
				4B5B2F1521A80E1800C3D9D8 /* Assets.xcassets */,
				4B5B2F1721A80E1800C3D9D8 /* LaunchScreen.storyboard */,
				4B5B2F1A21A80E1800C3D9D8 /* Info.plist */,
				4B5B2F1B21A80E1800C3D9D8 /* main.m */,
			);
			path = LYFTableViewList;
			sourceTree = "<group>";
		};
		4B5B2F2421A80E1800C3D9D8 /* LYFTableViewListTests */ = {
			isa = PBXGroup;
			children = (
				4B5B2F2521A80E1800C3D9D8 /* LYFTableViewListTests.m */,
				4B5B2F2721A80E1800C3D9D8 /* Info.plist */,
			);
			path = LYFTableViewListTests;
			sourceTree = "<group>";
		};
		4B5B2F2F21A80E1800C3D9D8 /* LYFTableViewListUITests */ = {
			isa = PBXGroup;
			children = (
				4B5B2F3021A80E1800C3D9D8 /* LYFTableViewListUITests.m */,
				4B5B2F3221A80E1800C3D9D8 /* Info.plist */,
			);
			path = LYFTableViewListUITests;
			sourceTree = "<group>";
		};
/* End PBXGroup section */

/* Begin PBXNativeTarget section */
		4B5B2F0821A80E1400C3D9D8 /* LYFTableViewList */ = {
			isa = PBXNativeTarget;
			buildConfigurationList = 4B5B2F3521A80E1800C3D9D8 /* Build configuration list for PBXNativeTarget "LYFTableViewList" */;
			buildPhases = (
				4B5B2F0521A80E1400C3D9D8 /* Sources */,
				4B5B2F0621A80E1400C3D9D8 /* Frameworks */,
				4B5B2F0721A80E1400C3D9D8 /* Resources */,
			);
			buildRules = (
			);
			dependencies = (
			);
			name = LYFTableViewList;
			productName = LYFTableViewList;
			productReference = 4B5B2F0921A80E1400C3D9D8 /* LYFTableViewList.app */;
			productType = "com.apple.product-type.application";
		};
		4B5B2F2021A80E1800C3D9D8 /* LYFTableViewListTests */ = {
			isa = PBXNativeTarget;
			buildConfigurationList = 4B5B2F3821A80E1800C3D9D8 /* Build configuration list for PBXNativeTarget "LYFTableViewListTests" */;
			buildPhases = (
				4B5B2F1D21A80E1800C3D9D8 /* Sources */,
				4B5B2F1E21A80E1800C3D9D8 /* Frameworks */,
				4B5B2F1F21A80E1800C3D9D8 /* Resources */,
			);
			buildRules = (
			);
			dependencies = (
				4B5B2F2321A80E1800C3D9D8 /* PBXTargetDependency */,
			);
			name = LYFTableViewListTests;
			productName = LYFTableViewListTests;
			productReference = 4B5B2F2121A80E1800C3D9D8 /* LYFTableViewListTests.xctest */;
			productType = "com.apple.product-type.bundle.unit-test";
		};
		4B5B2F2B21A80E1800C3D9D8 /* LYFTableViewListUITests */ = {
			isa = PBXNativeTarget;
			buildConfigurationList = 4B5B2F3B21A80E1800C3D9D8 /* Build configuration list for PBXNativeTarget "LYFTableViewListUITests" */;
			buildPhases = (
				4B5B2F2821A80E1800C3D9D8 /* Sources */,
				4B5B2F2921A80E1800C3D9D8 /* Frameworks */,
				4B5B2F2A21A80E1800C3D9D8 /* Resources */,
			);
			buildRules = (
			);
			dependencies = (
				4B5B2F2E21A80E1800C3D9D8 /* PBXTargetDependency */,
			);
			name = LYFTableViewListUITests;
			productName = LYFTableViewListUITests;
			productReference = 4B5B2F2C21A80E1800C3D9D8 /* LYFTableViewListUITests.xctest */;
			productType = "com.apple.product-type.bundle.ui-testing";
		};
/* End PBXNativeTarget section */

/* Begin PBXProject section */
		4B5B2F0121A80E1400C3D9D8 /* Project object */ = {
			isa = PBXProject;
			attributes = {
				LastUpgradeCheck = 0940;
				ORGANIZATIONNAME = "李玉枫";
				TargetAttributes = {
					4B5B2F0821A80E1400C3D9D8 = {
						CreatedOnToolsVersion = 9.4.1;
					};
					4B5B2F2021A80E1800C3D9D8 = {
						CreatedOnToolsVersion = 9.4.1;
						TestTargetID = 4B5B2F0821A80E1400C3D9D8;
					};
					4B5B2F2B21A80E1800C3D9D8 = {
						CreatedOnToolsVersion = 9.4.1;
						TestTargetID = 4B5B2F0821A80E1400C3D9D8;
					};
				};
			};
			buildConfigurationList = 4B5B2F0421A80E1400C3D9D8 /* Build configuration list for PBXProject "LYFTableViewList" */;
			compatibilityVersion = "Xcode 9.3";
			developmentRegion = en;
			hasScannedForEncodings = 0;
			knownRegions = (
				en,
				Base,
			);
			mainGroup = 4B5B2F0021A80E1400C3D9D8;
			productRefGroup = 4B5B2F0A21A80E1400C3D9D8 /* Products */;
			projectDirPath = "";
			projectRoot = "";
			targets = (
				4B5B2F0821A80E1400C3D9D8 /* LYFTableViewList */,
				4B5B2F2021A80E1800C3D9D8 /* LYFTableViewListTests */,
				4B5B2F2B21A80E1800C3D9D8 /* LYFTableViewListUITests */,
			);
		};
/* End PBXProject section */

/* Begin PBXResourcesBuildPhase section */
		4B5B2F0721A80E1400C3D9D8 /* Resources */ = {
			isa = PBXResourcesBuildPhase;
			buildActionMask = 2147483647;
			files = (
				4B5B2F1921A80E1800C3D9D8 /* LaunchScreen.storyboard in Resources */,
				4B5B2F1621A80E1800C3D9D8 /* Assets.xcassets in Resources */,
				4B5B2F1421A80E1400C3D9D8 /* Main.storyboard in Resources */,
			);
			runOnlyForDeploymentPostprocessing = 0;
		};
		4B5B2F1F21A80E1800C3D9D8 /* Resources */ = {
			isa = PBXResourcesBuildPhase;
			buildActionMask = 2147483647;
			files = (
			);
			runOnlyForDeploymentPostprocessing = 0;
		};
		4B5B2F2A21A80E1800C3D9D8 /* Resources */ = {
			isa = PBXResourcesBuildPhase;
			buildActionMask = 2147483647;
			files = (
			);
			runOnlyForDeploymentPostprocessing = 0;
		};
/* End PBXResourcesBuildPhase section */

/* Begin PBXSourcesBuildPhase section */
		4B5B2F0521A80E1400C3D9D8 /* Sources */ = {
			isa = PBXSourcesBuildPhase;
			buildActionMask = 2147483647;
			files = (
				4B5B2F4621A817D300C3D9D8 /* LYFViewController.m in Sources */,
				4B5B2F1121A80E1400C3D9D8 /* ViewController.m in Sources */,
				4B5B2F4321A8127500C3D9D8 /* LYFCollectionView.m in Sources */,
				4B5B2F4921A829E000C3D9D8 /* LYFTableViewHeaderView.m in Sources */,
				4B5B2F1C21A80E1800C3D9D8 /* main.m in Sources */,
				4B5B2F0E21A80E1400C3D9D8 /* AppDelegate.m in Sources */,
				4B5B2F4021A80E3A00C3D9D8 /* LYFTableView.m in Sources */,
			);
			runOnlyForDeploymentPostprocessing = 0;
		};
		4B5B2F1D21A80E1800C3D9D8 /* Sources */ = {
			isa = PBXSourcesBuildPhase;
			buildActionMask = 2147483647;
			files = (
				4B5B2F2621A80E1800C3D9D8 /* LYFTableViewListTests.m in Sources */,
			);
			runOnlyForDeploymentPostprocessing = 0;
		};
		4B5B2F2821A80E1800C3D9D8 /* Sources */ = {
			isa = PBXSourcesBuildPhase;
			buildActionMask = 2147483647;
			files = (
				4B5B2F3121A80E1800C3D9D8 /* LYFTableViewListUITests.m in Sources */,
			);
			runOnlyForDeploymentPostprocessing = 0;
		};
/* End PBXSourcesBuildPhase section */

/* Begin PBXTargetDependency section */
		4B5B2F2321A80E1800C3D9D8 /* PBXTargetDependency */ = {
			isa = PBXTargetDependency;
			target = 4B5B2F0821A80E1400C3D9D8 /* LYFTableViewList */;
			targetProxy = 4B5B2F2221A80E1800C3D9D8 /* PBXContainerItemProxy */;
		};
		4B5B2F2E21A80E1800C3D9D8 /* PBXTargetDependency */ = {
			isa = PBXTargetDependency;
			target = 4B5B2F0821A80E1400C3D9D8 /* LYFTableViewList */;
			targetProxy = 4B5B2F2D21A80E1800C3D9D8 /* PBXContainerItemProxy */;
		};
/* End PBXTargetDependency section */

/* Begin PBXVariantGroup section */
		4B5B2F1221A80E1400C3D9D8 /* Main.storyboard */ = {
			isa = PBXVariantGroup;
			children = (
				4B5B2F1321A80E1400C3D9D8 /* Base */,
			);
			name = Main.storyboard;
			sourceTree = "<group>";
		};
		4B5B2F1721A80E1800C3D9D8 /* LaunchScreen.storyboard */ = {
			isa = PBXVariantGroup;
			children = (
				4B5B2F1821A80E1800C3D9D8 /* Base */,
			);
			name = LaunchScreen.storyboard;
			sourceTree = "<group>";
		};
/* End PBXVariantGroup section */

/* Begin XCBuildConfiguration section */
		4B5B2F3321A80E1800C3D9D8 /* Debug */ = {
			isa = XCBuildConfiguration;
			buildSettings = {
				ALWAYS_SEARCH_USER_PATHS = NO;
				CLANG_ANALYZER_NONNULL = YES;
				CLANG_ANALYZER_NUMBER_OBJECT_CONVERSION = YES_AGGRESSIVE;
				CLANG_CXX_LANGUAGE_STANDARD = "gnu++14";
				CLANG_CXX_LIBRARY = "libc++";
				CLANG_ENABLE_MODULES = YES;
				CLANG_ENABLE_OBJC_ARC = YES;
				CLANG_ENABLE_OBJC_WEAK = YES;
				CLANG_WARN_BLOCK_CAPTURE_AUTORELEASING = YES;
				CLANG_WARN_BOOL_CONVERSION = YES;
				CLANG_WARN_COMMA = YES;
				CLANG_WARN_CONSTANT_CONVERSION = YES;
				CLANG_WARN_DEPRECATED_OBJC_IMPLEMENTATIONS = YES;
				CLANG_WARN_DIRECT_OBJC_ISA_USAGE = YES_ERROR;
				CLANG_WARN_DOCUMENTATION_COMMENTS = YES;
				CLANG_WARN_EMPTY_BODY = YES;
				CLANG_WARN_ENUM_CONVERSION = YES;
				CLANG_WARN_INFINITE_RECURSION = YES;
				CLANG_WARN_INT_CONVERSION = YES;
				CLANG_WARN_NON_LITERAL_NULL_CONVERSION = YES;
				CLANG_WARN_OBJC_IMPLICIT_RETAIN_SELF = YES;
				CLANG_WARN_OBJC_LITERAL_CONVERSION = YES;
				CLANG_WARN_OBJC_ROOT_CLASS = YES_ERROR;
				CLANG_WARN_RANGE_LOOP_ANALYSIS = YES;
				CLANG_WARN_STRICT_PROTOTYPES = YES;
				CLANG_WARN_SUSPICIOUS_MOVE = YES;
				CLANG_WARN_UNGUARDED_AVAILABILITY = YES_AGGRESSIVE;
				CLANG_WARN_UNREACHABLE_CODE = YES;
				CLANG_WARN__DUPLICATE_METHOD_MATCH = YES;
				CODE_SIGN_IDENTITY = "iPhone Developer";
				COPY_PHASE_STRIP = NO;
				DEBUG_INFORMATION_FORMAT = dwarf;
				ENABLE_STRICT_OBJC_MSGSEND = YES;
				ENABLE_TESTABILITY = YES;
				GCC_C_LANGUAGE_STANDARD = gnu11;
				GCC_DYNAMIC_NO_PIC = NO;
				GCC_NO_COMMON_BLOCKS = YES;
				GCC_OPTIMIZATION_LEVEL = 0;
				GCC_PREPROCESSOR_DEFINITIONS = (
					"DEBUG=1",
					"$(inherited)",
				);
				GCC_WARN_64_TO_32_BIT_CONVERSION = YES;
				GCC_WARN_ABOUT_RETURN_TYPE = YES_ERROR;
				GCC_WARN_UNDECLARED_SELECTOR = YES;
				GCC_WARN_UNINITIALIZED_AUTOS = YES_AGGRESSIVE;
				GCC_WARN_UNUSED_FUNCTION = YES;
				GCC_WARN_UNUSED_VARIABLE = YES;
				IPHONEOS_DEPLOYMENT_TARGET = 11.4;
				MTL_ENABLE_DEBUG_INFO = YES;
				ONLY_ACTIVE_ARCH = YES;
				SDKROOT = iphoneos;
			};
			name = Debug;
		};
		4B5B2F3421A80E1800C3D9D8 /* Release */ = {
			isa = XCBuildConfiguration;
			buildSettings = {
				ALWAYS_SEARCH_USER_PATHS = NO;
				CLANG_ANALYZER_NONNULL = YES;
				CLANG_ANALYZER_NUMBER_OBJECT_CONVERSION = YES_AGGRESSIVE;
				CLANG_CXX_LANGUAGE_STANDARD = "gnu++14";
				CLANG_CXX_LIBRARY = "libc++";
				CLANG_ENABLE_MODULES = YES;
				CLANG_ENABLE_OBJC_ARC = YES;
				CLANG_ENABLE_OBJC_WEAK = YES;
				CLANG_WARN_BLOCK_CAPTURE_AUTORELEASING = YES;
				CLANG_WARN_BOOL_CONVERSION = YES;
				CLANG_WARN_COMMA = YES;
				CLANG_WARN_CONSTANT_CONVERSION = YES;
				CLANG_WARN_DEPRECATED_OBJC_IMPLEMENTATIONS = YES;
				CLANG_WARN_DIRECT_OBJC_ISA_USAGE = YES_ERROR;
				CLANG_WARN_DOCUMENTATION_COMMENTS = YES;
				CLANG_WARN_EMPTY_BODY = YES;
				CLANG_WARN_ENUM_CONVERSION = YES;
				CLANG_WARN_INFINITE_RECURSION = YES;
				CLANG_WARN_INT_CONVERSION = YES;
				CLANG_WARN_NON_LITERAL_NULL_CONVERSION = YES;
				CLANG_WARN_OBJC_IMPLICIT_RETAIN_SELF = YES;
				CLANG_WARN_OBJC_LITERAL_CONVERSION = YES;
				CLANG_WARN_OBJC_ROOT_CLASS = YES_ERROR;
				CLANG_WARN_RANGE_LOOP_ANALYSIS = YES;
				CLANG_WARN_STRICT_PROTOTYPES = YES;
				CLANG_WARN_SUSPICIOUS_MOVE = YES;
				CLANG_WARN_UNGUARDED_AVAILABILITY = YES_AGGRESSIVE;
				CLANG_WARN_UNREACHABLE_CODE = YES;
				CLANG_WARN__DUPLICATE_METHOD_MATCH = YES;
				CODE_SIGN_IDENTITY = "iPhone Developer";
				COPY_PHASE_STRIP = NO;
				DEBUG_INFORMATION_FORMAT = "dwarf-with-dsym";
				ENABLE_NS_ASSERTIONS = NO;
				ENABLE_STRICT_OBJC_MSGSEND = YES;
				GCC_C_LANGUAGE_STANDARD = gnu11;
				GCC_NO_COMMON_BLOCKS = YES;
				GCC_WARN_64_TO_32_BIT_CONVERSION = YES;
				GCC_WARN_ABOUT_RETURN_TYPE = YES_ERROR;
				GCC_WARN_UNDECLARED_SELECTOR = YES;
				GCC_WARN_UNINITIALIZED_AUTOS = YES_AGGRESSIVE;
				GCC_WARN_UNUSED_FUNCTION = YES;
				GCC_WARN_UNUSED_VARIABLE = YES;
				IPHONEOS_DEPLOYMENT_TARGET = 11.4;
				MTL_ENABLE_DEBUG_INFO = NO;
				SDKROOT = iphoneos;
				VALIDATE_PRODUCT = YES;
			};
			name = Release;
		};
		4B5B2F3621A80E1800C3D9D8 /* Debug */ = {
			isa = XCBuildConfiguration;
			buildSettings = {
				ASSETCATALOG_COMPILER_APPICON_NAME = AppIcon;
				CODE_SIGN_STYLE = Automatic;
				DEVELOPMENT_TEAM = MPA6552T64;
				INFOPLIST_FILE = LYFTableViewList/Info.plist;
				LD_RUNPATH_SEARCH_PATHS = (
					"$(inherited)",
					"@executable_path/Frameworks",
				);
				PRODUCT_BUNDLE_IDENTIFIER = com.LYFTableViewList.LYFTableViewList;
				PRODUCT_NAME = "$(TARGET_NAME)";
				TARGETED_DEVICE_FAMILY = "1,2";
			};
			name = Debug;
		};
		4B5B2F3721A80E1800C3D9D8 /* Release */ = {
			isa = XCBuildConfiguration;
			buildSettings = {
				ASSETCATALOG_COMPILER_APPICON_NAME = AppIcon;
				CODE_SIGN_STYLE = Automatic;
				DEVELOPMENT_TEAM = MPA6552T64;
				INFOPLIST_FILE = LYFTableViewList/Info.plist;
				LD_RUNPATH_SEARCH_PATHS = (
					"$(inherited)",
					"@executable_path/Frameworks",
				);
				PRODUCT_BUNDLE_IDENTIFIER = com.LYFTableViewList.LYFTableViewList;
				PRODUCT_NAME = "$(TARGET_NAME)";
				TARGETED_DEVICE_FAMILY = "1,2";
			};
			name = Release;
		};
		4B5B2F3921A80E1800C3D9D8 /* Debug */ = {
			isa = XCBuildConfiguration;
			buildSettings = {
				BUNDLE_LOADER = "$(TEST_HOST)";
				CODE_SIGN_STYLE = Automatic;
				DEVELOPMENT_TEAM = MPA6552T64;
				INFOPLIST_FILE = LYFTableViewListTests/Info.plist;
				LD_RUNPATH_SEARCH_PATHS = (
					"$(inherited)",
					"@executable_path/Frameworks",
					"@loader_path/Frameworks",
				);
				PRODUCT_BUNDLE_IDENTIFIER = com.LYFTableViewList.LYFTableViewListTests;
				PRODUCT_NAME = "$(TARGET_NAME)";
				TARGETED_DEVICE_FAMILY = "1,2";
				TEST_HOST = "$(BUILT_PRODUCTS_DIR)/LYFTableViewList.app/LYFTableViewList";
			};
			name = Debug;
		};
		4B5B2F3A21A80E1800C3D9D8 /* Release */ = {
			isa = XCBuildConfiguration;
			buildSettings = {
				BUNDLE_LOADER = "$(TEST_HOST)";
				CODE_SIGN_STYLE = Automatic;
				DEVELOPMENT_TEAM = MPA6552T64;
				INFOPLIST_FILE = LYFTableViewListTests/Info.plist;
				LD_RUNPATH_SEARCH_PATHS = (
					"$(inherited)",
					"@executable_path/Frameworks",
					"@loader_path/Frameworks",
				);
				PRODUCT_BUNDLE_IDENTIFIER = com.LYFTableViewList.LYFTableViewListTests;
				PRODUCT_NAME = "$(TARGET_NAME)";
				TARGETED_DEVICE_FAMILY = "1,2";
				TEST_HOST = "$(BUILT_PRODUCTS_DIR)/LYFTableViewList.app/LYFTableViewList";
			};
			name = Release;
		};
		4B5B2F3C21A80E1800C3D9D8 /* Debug */ = {
			isa = XCBuildConfiguration;
			buildSettings = {
				CODE_SIGN_STYLE = Automatic;
				DEVELOPMENT_TEAM = MPA6552T64;
				INFOPLIST_FILE = LYFTableViewListUITests/Info.plist;
				LD_RUNPATH_SEARCH_PATHS = (
					"$(inherited)",
					"@executable_path/Frameworks",
					"@loader_path/Frameworks",
				);
				PRODUCT_BUNDLE_IDENTIFIER = com.LYFTableViewList.LYFTableViewListUITests;
				PRODUCT_NAME = "$(TARGET_NAME)";
				TARGETED_DEVICE_FAMILY = "1,2";
				TEST_TARGET_NAME = LYFTableViewList;
			};
			name = Debug;
		};
		4B5B2F3D21A80E1800C3D9D8 /* Release */ = {
			isa = XCBuildConfiguration;
			buildSettings = {
				CODE_SIGN_STYLE = Automatic;
				DEVELOPMENT_TEAM = MPA6552T64;
				INFOPLIST_FILE = LYFTableViewListUITests/Info.plist;
				LD_RUNPATH_SEARCH_PATHS = (
					"$(inherited)",
					"@executable_path/Frameworks",
					"@loader_path/Frameworks",
				);
				PRODUCT_BUNDLE_IDENTIFIER = com.LYFTableViewList.LYFTableViewListUITests;
				PRODUCT_NAME = "$(TARGET_NAME)";
				TARGETED_DEVICE_FAMILY = "1,2";
				TEST_TARGET_NAME = LYFTableViewList;
			};
			name = Release;
		};
/* End XCBuildConfiguration section */

/* Begin XCConfigurationList section */
		4B5B2F0421A80E1400C3D9D8 /* Build configuration list for PBXProject "LYFTableViewList" */ = {
			isa = XCConfigurationList;
			buildConfigurations = (
				4B5B2F3321A80E1800C3D9D8 /* Debug */,
				4B5B2F3421A80E1800C3D9D8 /* Release */,
			);
			defaultConfigurationIsVisible = 0;
			defaultConfigurationName = Release;
		};
		4B5B2F3521A80E1800C3D9D8 /* Build configuration list for PBXNativeTarget "LYFTableViewList" */ = {
			isa = XCConfigurationList;
			buildConfigurations = (
				4B5B2F3621A80E1800C3D9D8 /* Debug */,
				4B5B2F3721A80E1800C3D9D8 /* Release */,
			);
			defaultConfigurationIsVisible = 0;
			defaultConfigurationName = Release;
		};
		4B5B2F3821A80E1800C3D9D8 /* Build configuration list for PBXNativeTarget "LYFTableViewListTests" */ = {
			isa = XCConfigurationList;
			buildConfigurations = (
				4B5B2F3921A80E1800C3D9D8 /* Debug */,
				4B5B2F3A21A80E1800C3D9D8 /* Release */,
			);
			defaultConfigurationIsVisible = 0;
			defaultConfigurationName = Release;
		};
		4B5B2F3B21A80E1800C3D9D8 /* Build configuration list for PBXNativeTarget "LYFTableViewListUITests" */ = {
			isa = XCConfigurationList;
			buildConfigurations = (
				4B5B2F3C21A80E1800C3D9D8 /* Debug */,
				4B5B2F3D21A80E1800C3D9D8 /* Release */,
			);
			defaultConfigurationIsVisible = 0;
			defaultConfigurationName = Release;
		};
/* End XCConfigurationList section */
	};
	rootObject = 4B5B2F0121A80E1400C3D9D8 /* Project object */;
}
